
Microsoft Visual Studio Solution File, Format Version 12.00
# Visual Studio Version 17
VisualStudioVersion = 17.10.34928.147
MinimumVisualStudioVersion = 10.0.40219.1
Project("{9A19103F-16F7-4668-BE54-9A1E7A4F7556}") = "Assignment2", "Assignment2\Assignment2.csproj", "{E04238AC-7665-4EF7-B627-AD9DCDBAC359}"
EndProject
Project("{9A19103F-16F7-4668-BE54-9A1E7A4F7556}") = "Core", "Core\Core.csproj", "{D7F8CD51-23F0-43CE-A62A-8E543E58D2F9}"
EndProject
Global
	GlobalSection(SolutionConfigurationPlatforms) = preSolution
		Debug|Any CPU = Debug|Any CPU
		Release|Any CPU = Release|Any CPU
	EndGlobalSection
	GlobalSection(ProjectConfigurationPlatforms) = postSolution
		{E04238AC-7665-4EF7-B627-AD9DCDBAC359}.Debug|Any CPU.ActiveCfg = Debug|Any CPU
		{E04238AC-7665-4EF7-B627-AD9DCDBAC359}.Debug|Any CPU.Build.0 = Debug|Any CPU
		{E04238AC-7665-4EF7-B627-AD9DCDBAC359}.Release|Any CPU.ActiveCfg = Release|Any CPU
		{E04238AC-7665-4EF7-B627-AD9DCDBAC359}.Release|Any CPU.Build.0 = Release|Any CPU
		{D7F8CD51-23F0-43CE-A62A-8E543E58D2F9}.Debug|Any CPU.ActiveCfg = Debug|Any CPU
		{D7F8CD51-23F0-43CE-A62A-8E543E58D2F9}.Debug|Any CPU.Build.0 = Debug|Any CPU
		{D7F8CD51-23F0-43CE-A62A-8E543E58D2F9}.Release|Any CPU.ActiveCfg = Release|Any CPU
		{D7F8CD51-23F0-43CE-A62A-8E543E58D2F9}.Release|Any CPU.Build.0 = Release|Any CPU
	EndGlobalSection
	GlobalSection(SolutionProperties) = preSolution
		HideSolutionNode = FALSE
	EndGlobalSection
	GlobalSection(ExtensibilityGlobals) = postSolution
		SolutionGuid = {FEABF647-7627-49E9-9845-ADC3027DE3ED}
	EndGlobalSection
EndGlobal
